
Microsoft Visual Studio Solution File, Format Version 12.00
# Visual Studio Version 17
VisualStudioVersion = 17.14.36908.2 d17.14
MinimumVisualStudioVersion = 10.0.40219.1
Project("{FAE04EC0-301F-11D3-BF4B-00C04F79EFBC}") = "HtmxEcommerceRazorComponents", "HtmxEcommerceRazorComponents.csproj", "{AA827C0F-B909-9782-C599-8D8410BEABBA}"
EndProject
Global
	GlobalSection(SolutionConfigurationPlatforms) = preSolution
		Debug|Any CPU = Debug|Any CPU
		Release|Any CPU = Release|Any CPU
	EndGlobalSection
	GlobalSection(ProjectConfigurationPlatforms) = postSolution
		{AA827C0F-B909-9782-C599-8D8410BEABBA}.Debug|Any CPU.ActiveCfg = Debug|Any CPU
		{AA827C0F-B909-9782-C599-8D8410BEABBA}.Debug|Any CPU.Build.0 = Debug|Any CPU
		{AA827C0F-B909-9782-C599-8D8410BEABBA}.Release|Any CPU.ActiveCfg = Release|Any CPU
		{AA827C0F-B909-9782-C599-8D8410BEABBA}.Release|Any CPU.Build.0 = Release|Any CPU
	EndGlobalSection
	GlobalSection(SolutionProperties) = preSolution
		HideSolutionNode = FALSE
	EndGlobalSection
	GlobalSection(ExtensibilityGlobals) = postSolution
		SolutionGuid = {33460641-38B6-4121-9091-6260E717695D}
	EndGlobalSection
EndGlobal
